lockfileVersion: '6.0'

devDependencies:
  '@types/cookie':
    specifier: ^0.6.0
    version: 0.6.0
  '@types/istanbul-lib-report':
    specifier: ^3.0.3
    version: 3.0.3
  '@types/istanbul-reports':
    specifier: ^3.0.4
    version: 3.0.4
  '@types/node':
    specifier: ^22.18.4
    version: 22.18.4
  '@types/w3c-web-usb':
    specifier: ^1.0.12
    version: 1.0.12

packages:

  /@types/cookie@0.6.0:
    resolution: {integrity: sha512-4Kh9a6B2bQciAhf7FSuMRRkUWecJgJu9nPnx3yzpsfXX/c50REIqpHY4C82bXP90qrLtXtkDxTZosYO3UpOwlA==}
    dev: true

  /@types/istanbul-lib-coverage@2.0.6:
    resolution: {integrity: sha512-2QF/t/auWm0lsy8XtKVPG19v3sSOQlJe/YHZgfjb/KBBHOGSV+J2q/S671rcq9uTBrLAXmZpqJiaQbMT+zNU1w==}
    dev: true

  /@types/istanbul-lib-report@3.0.3:
    resolution: {integrity: sha512-NQn7AHQnk/RSLOxrBbGyJM/aVQ+pjj5HCgasFxc0K/KhoATfQ/47AyUl15I2yBUpihjmas+a+VJBOqecrFH+uA==}
    dependencies:
      '@types/istanbul-lib-coverage': 2.0.6
    dev: true

  /@types/istanbul-reports@3.0.4:
    resolution: {integrity: sha512-pk2B1NWalF9toCRu6gjBzR69syFjP4Od8WRAX+0mmf9lAjCRicLOWc+ZrxZHx/0XRjotgkF9t6iaMJ+aXcOdZQ==}
    dependencies:
      '@types/istanbul-lib-report': 3.0.3
    dev: true

  /@types/node@22.18.4:
    resolution: {integrity: sha512-UJdblFqXymSBhmZf96BnbisoFIr8ooiiBRMolQgg77Ea+VM37jXw76C2LQr9n8wm9+i/OvlUlW6xSvqwzwqznw==}
    dependencies:
      undici-types: 6.21.0
    dev: true

  /@types/w3c-web-usb@1.0.12:
    resolution: {integrity: sha512-GD9XFhJZFtCbspsB3t1vD3SgkWVInIMoL1g1CcE0p3DD7abgLrQ2Ws22RS38CXPUCQXgyKjUAGKdy5d0CLT5jw==}
    dev: true

  /undici-types@6.21.0:
    resolution: {integrity: sha512-iwDZqg0QAGrg9Rav5H4n0M64c3mkR59cJ6wQp+7C4nI0gsmExaedaYLNO44eT4AtBBwjbTiGPMlt2Md0T9H9JQ==}
    dev: true
